
Microsoft Visual Studio Solution File, Format Version 12.00
# Visual Studio Version 17
VisualStudioVersion = 17.0.31903.59
MinimumVisualStudioVersion = 10.0.40219.1
Project("{FAE04EC0-301F-11D3-BF4B-00C04F79EFBC}") = "MyScorer.Api", "MyScorer.Api\MyScorer.Api.csproj", "{4DBFF643-394C-4C83-A04A-EBA5A06EC91A}"
EndProject
Project("{FAE04EC0-301F-11D3-BF4B-00C04F79EFBC}") = "MyScorer.Core", "MyScorer.Core\MyScorer.Core.csproj", "{724197EC-EB32-43E7-911E-CF507E2901AF}"
EndProject
Project("{FAE04EC0-301F-11D3-BF4B-00C04F79EFBC}") = "MyScorer.Application", "MyScorer.Application\MyScorer.Application.csproj", "{774C23B4-0E0C-4F00-9FD7-22F58D311377}"
EndProject
Project("{FAE04EC0-301F-11D3-BF4B-00C04F79EFBC}") = "MyScorer.Infrastructure", "MyScorer.Infrastructure\MyScorer.Infrastructure.csproj", "{B8997016-C3B3-45F6-A8EA-7E0F1838C46E}"
EndProject
Project("{2150E333-8FDC-42A3-9474-1A3956D46DE8}") = "myscorer-platform", "myscorer-platform", "{40F427FD-91CC-5353-3899-8600B914EBDA}"
EndProject
Project("{FAE04EC0-301F-11D3-BF4B-00C04F79EFBC}") = "MyScorer.Tests", "myscorer-platform\MyScorer.Tests\MyScorer.Tests.csproj", "{D1393264-7BCB-4165-ACE5-797F5C35BBD3}"
EndProject
Global
	GlobalSection(SolutionConfigurationPlatforms) = preSolution
		Debug|Any CPU = Debug|Any CPU
		Debug|x64 = Debug|x64
		Debug|x86 = Debug|x86
		Release|Any CPU = Release|Any CPU
		Release|x64 = Release|x64
		Release|x86 = Release|x86
	EndGlobalSection
	GlobalSection(ProjectConfigurationPlatforms) = postSolution
		{4DBFF643-394C-4C83-A04A-EBA5A06EC91A}.Debug|Any CPU.ActiveCfg = Debug|Any CPU
		{4DBFF643-394C-4C83-A04A-EBA5A06EC91A}.Debug|Any CPU.Build.0 = Debug|Any CPU
		{4DBFF643-394C-4C83-A04A-EBA5A06EC91A}.Debug|x64.ActiveCfg = Debug|Any CPU
		{4DBFF643-394C-4C83-A04A-EBA5A06EC91A}.Debug|x64.Build.0 = Debug|Any CPU
		{4DBFF643-394C-4C83-A04A-EBA5A06EC91A}.Debug|x86.ActiveCfg = Debug|Any CPU
		{4DBFF643-394C-4C83-A04A-EBA5A06EC91A}.Debug|x86.Build.0 = Debug|Any CPU
		{4DBFF643-394C-4C83-A04A-EBA5A06EC91A}.Release|Any CPU.ActiveCfg = Release|Any CPU
		{4DBFF643-394C-4C83-A04A-EBA5A06EC91A}.Release|Any CPU.Build.0 = Release|Any CPU
		{4DBFF643-394C-4C83-A04A-EBA5A06EC91A}.Release|x64.ActiveCfg = Release|Any CPU
		{4DBFF643-394C-4C83-A04A-EBA5A06EC91A}.Release|x64.Build.0 = Release|Any CPU
		{4DBFF643-394C-4C83-A04A-EBA5A06EC91A}.Release|x86.ActiveCfg = Release|Any CPU
		{4DBFF643-394C-4C83-A04A-EBA5A06EC91A}.Release|x86.Build.0 = Release|Any CPU
		{724197EC-EB32-43E7-911E-CF507E2901AF}.Debug|Any CPU.ActiveCfg = Debug|Any CPU
		{724197EC-EB32-43E7-911E-CF507E2901AF}.Debug|Any CPU.Build.0 = Debug|Any CPU
		{724197EC-EB32-43E7-911E-CF507E2901AF}.Debug|x64.ActiveCfg = Debug|Any CPU
		{724197EC-EB32-43E7-911E-CF507E2901AF}.Debug|x64.Build.0 = Debug|Any CPU
		{724197EC-EB32-43E7-911E-CF507E2901AF}.Debug|x86.ActiveCfg = Debug|Any CPU
		{724197EC-EB32-43E7-911E-CF507E2901AF}.Debug|x86.Build.0 = Debug|Any CPU
		{724197EC-EB32-43E7-911E-CF507E2901AF}.Release|Any CPU.ActiveCfg = Release|Any CPU
		{724197EC-EB32-43E7-911E-CF507E2901AF}.Release|Any CPU.Build.0 = Release|Any CPU
		{724197EC-EB32-43E7-911E-CF507E2901AF}.Release|x64.ActiveCfg = Release|Any CPU
		{724197EC-EB32-43E7-911E-CF507E2901AF}.Release|x64.Build.0 = Release|Any CPU
		{724197EC-EB32-43E7-911E-CF507E2901AF}.Release|x86.ActiveCfg = Release|Any CPU
		{724197EC-EB32-43E7-911E-CF507E2901AF}.Release|x86.Build.0 = Release|Any CPU
		{774C23B4-0E0C-4F00-9FD7-22F58D311377}.Debug|Any CPU.ActiveCfg = Debug|Any CPU
		{774C23B4-0E0C-4F00-9FD7-22F58D311377}.Debug|Any CPU.Build.0 = Debug|Any CPU
		{774C23B4-0E0C-4F00-9FD7-22F58D311377}.Debug|x64.ActiveCfg = Debug|Any CPU
		{774C23B4-0E0C-4F00-9FD7-22F58D311377}.Debug|x64.Build.0 = Debug|Any CPU
		{774C23B4-0E0C-4F00-9FD7-22F58D311377}.Debug|x86.ActiveCfg = Debug|Any CPU
		{774C23B4-0E0C-4F00-9FD7-22F58D311377}.Debug|x86.Build.0 = Debug|Any CPU
		{774C23B4-0E0C-4F00-9FD7-22F58D311377}.Release|Any CPU.ActiveCfg = Release|Any CPU
		{774C23B4-0E0C-4F00-9FD7-22F58D311377}.Release|Any CPU.Build.0 = Release|Any CPU
		{774C23B4-0E0C-4F00-9FD7-22F58D311377}.Release|x64.ActiveCfg = Release|Any CPU
		{774C23B4-0E0C-4F00-9FD7-22F58D311377}.Release|x64.Build.0 = Release|Any CPU
		{774C23B4-0E0C-4F00-9FD7-22F58D311377}.Release|x86.ActiveCfg = Release|Any CPU
		{774C23B4-0E0C-4F00-9FD7-22F58D311377}.Release|x86.Build.0 = Release|Any CPU
		{B8997016-C3B3-45F6-A8EA-7E0F1838C46E}.Debug|Any CPU.ActiveCfg = Debug|Any CPU
		{B8997016-C3B3-45F6-A8EA-7E0F1838C46E}.Debug|Any CPU.Build.0 = Debug|Any CPU
		{B8997016-C3B3-45F6-A8EA-7E0F1838C46E}.Debug|x64.ActiveCfg = Debug|Any CPU
		{B8997016-C3B3-45F6-A8EA-7E0F1838C46E}.Debug|x64.Build.0 = Debug|Any CPU
		{B8997016-C3B3-45F6-A8EA-7E0F1838C46E}.Debug|x86.ActiveCfg = Debug|Any CPU
		{B8997016-C3B3-45F6-A8EA-7E0F1838C46E}.Debug|x86.Build.0 = Debug|Any CPU
		{B8997016-C3B3-45F6-A8EA-7E0F1838C46E}.Release|Any CPU.ActiveCfg = Release|Any CPU
		{B8997016-C3B3-45F6-A8EA-7E0F1838C46E}.Release|Any CPU.Build.0 = Release|Any CPU
		{B8997016-C3B3-45F6-A8EA-7E0F1838C46E}.Release|x64.ActiveCfg = Release|Any CPU
		{B8997016-C3B3-45F6-A8EA-7E0F1838C46E}.Release|x64.Build.0 = Release|Any CPU
		{B8997016-C3B3-45F6-A8EA-7E0F1838C46E}.Release|x86.ActiveCfg = Release|Any CPU
		{B8997016-C3B3-45F6-A8EA-7E0F1838C46E}.Release|x86.Build.0 = Release|Any CPU
		{D1393264-7BCB-4165-ACE5-797F5C35BBD3}.Debug|Any CPU.ActiveCfg = Debug|Any CPU
		{D1393264-7BCB-4165-ACE5-797F5C35BBD3}.Debug|Any CPU.Build.0 = Debug|Any CPU
		{D1393264-7BCB-4165-ACE5-797F5C35BBD3}.Debug|x64.ActiveCfg = Debug|Any CPU
		{D1393264-7BCB-4165-ACE5-797F5C35BBD3}.Debug|x64.Build.0 = Debug|Any CPU
		{D1393264-7BCB-4165-ACE5-797F5C35BBD3}.Debug|x86.ActiveCfg = Debug|Any CPU
		{D1393264-7BCB-4165-ACE5-797F5C35BBD3}.Debug|x86.Build.0 = Debug|Any CPU
		{D1393264-7BCB-4165-ACE5-797F5C35BBD3}.Release|Any CPU.ActiveCfg = Release|Any CPU
		{D1393264-7BCB-4165-ACE5-797F5C35BBD3}.Release|Any CPU.Build.0 = Release|Any CPU
		{D1393264-7BCB-4165-ACE5-797F5C35BBD3}.Release|x64.ActiveCfg = Release|Any CPU
		{D1393264-7BCB-4165-ACE5-797F5C35BBD3}.Release|x64.Build.0 = Release|Any CPU
		{D1393264-7BCB-4165-ACE5-797F5C35BBD3}.Release|x86.ActiveCfg = Release|Any CPU
		{D1393264-7BCB-4165-ACE5-797F5C35BBD3}.Release|x86.Build.0 = Release|Any CPU
	EndGlobalSection
	GlobalSection(SolutionProperties) = preSolution
		HideSolutionNode = FALSE
	EndGlobalSection
	GlobalSection(NestedProjects) = preSolution
		{D1393264-7BCB-4165-ACE5-797F5C35BBD3} = {40F427FD-91CC-5353-3899-8600B914EBDA}
	EndGlobalSection
EndGlobal
