
Microsoft Visual Studio Solution File, Format Version 12.00
# Visual Studio Version 17
VisualStudioVersion = 17.0.31903.59
MinimumVisualStudioVersion = 10.0.40219.1
Project("{FAE04EC0-301F-11D3-BF4B-00C04F79EFBC}") = "MyScorer.DeviceAgent", "MyScorer.DeviceAgent.csproj", "{1BD36D3F-22EA-4F66-AE3F-B9C44EF9922F}"
EndProject
Global
	GlobalSection(SolutionConfigurationPlatforms) = preSolution
		Debug|Any CPU = Debug|Any CPU
		Debug|x64 = Debug|x64
		Debug|x86 = Debug|x86
		Release|Any CPU = Release|Any CPU
		Release|x64 = Release|x64
		Release|x86 = Release|x86
	EndGlobalSection
	GlobalSection(ProjectConfigurationPlatforms) = postSolution
		{1BD36D3F-22EA-4F66-AE3F-B9C44EF9922F}.Debug|Any CPU.ActiveCfg = Debug|Any CPU
		{1BD36D3F-22EA-4F66-AE3F-B9C44EF9922F}.Debug|Any CPU.Build.0 = Debug|Any CPU
		{1BD36D3F-22EA-4F66-AE3F-B9C44EF9922F}.Debug|x64.ActiveCfg = Debug|Any CPU
		{1BD36D3F-22EA-4F66-AE3F-B9C44EF9922F}.Debug|x64.Build.0 = Debug|Any CPU
		{1BD36D3F-22EA-4F66-AE3F-B9C44EF9922F}.Debug|x86.ActiveCfg = Debug|Any CPU
		{1BD36D3F-22EA-4F66-AE3F-B9C44EF9922F}.Debug|x86.Build.0 = Debug|Any CPU
		{1BD36D3F-22EA-4F66-AE3F-B9C44EF9922F}.Release|Any CPU.ActiveCfg = Release|Any CPU
		{1BD36D3F-22EA-4F66-AE3F-B9C44EF9922F}.Release|Any CPU.Build.0 = Release|Any CPU
		{1BD36D3F-22EA-4F66-AE3F-B9C44EF9922F}.Release|x64.ActiveCfg = Release|Any CPU
		{1BD36D3F-22EA-4F66-AE3F-B9C44EF9922F}.Release|x64.Build.0 = Release|Any CPU
		{1BD36D3F-22EA-4F66-AE3F-B9C44EF9922F}.Release|x86.ActiveCfg = Release|Any CPU
		{1BD36D3F-22EA-4F66-AE3F-B9C44EF9922F}.Release|x86.Build.0 = Release|Any CPU
	EndGlobalSection
	GlobalSection(SolutionProperties) = preSolution
		HideSolutionNode = FALSE
	EndGlobalSection
EndGlobal
